
Microsoft Visual Studio Solution File, Format Version 12.00
# Visual Studio Version 17
VisualStudioVersion = 17.11.35222.181
MinimumVisualStudioVersion = 10.0.40219.1
Project("{9A19103F-16F7-4668-BE54-9A1E7A4F7556}") = "SAOnlineMartMVC", "SAOnlineMartMVC.csproj", "{24C3926C-2FF6-4C23-A560-15A34D6944C6}"
EndProject
Global
	GlobalSection(SolutionConfigurationPlatforms) = preSolution
		Debug|Any CPU = Debug|Any CPU
		Release|Any CPU = Release|Any CPU
	EndGlobalSection
	GlobalSection(ProjectConfigurationPlatforms) = postSolution
		{24C3926C-2FF6-4C23-A560-15A34D6944C6}.Debug|Any CPU.ActiveCfg = Debug|Any CPU
		{24C3926C-2FF6-4C23-A560-15A34D6944C6}.Debug|Any CPU.Build.0 = Debug|Any CPU
		{24C3926C-2FF6-4C23-A560-15A34D6944C6}.Release|Any CPU.ActiveCfg = Release|Any CPU
		{24C3926C-2FF6-4C23-A560-15A34D6944C6}.Release|Any CPU.Build.0 = Release|Any CPU
	EndGlobalSection
	GlobalSection(SolutionProperties) = preSolution
		HideSolutionNode = FALSE
	EndGlobalSection
	GlobalSection(ExtensibilityGlobals) = postSolution
		SolutionGuid = {383A6E87-E3DC-442F-A8D7-84BF9F2C0A48}
	EndGlobalSection
EndGlobal
